# This file is automatically @generated by Poetry 2.1.4 and should not be changed by hand.

[[package]]
name = "kaitaistruct"
version = "0.11"
description = "Kaitai Struct declarative parser generator for binary data: runtime library for Python"
optional = false
python-versions = "!=3.0.*,!=3.1.*,!=3.2.*,!=3.3.*,>=2.7"
groups = ["main"]
files = [
    {file = "kaitaistruct-0.11-py2.py3-none-any.whl", hash = "sha256:5c6ce79177b4e193a577ecd359e26516d1d6d000a0bffd6e1010f2a46a62a561"},
    {file = "kaitaistruct-0.11.tar.gz", hash = "sha256:053ee764288e78b8e53acf748e9733268acbd579b8d82a427b1805453625d74b"},
]

[[package]]
name = "protobuf"
version = "6.33.2"
description = ""
optional = false
python-versions = ">=3.9"
groups = ["main"]
files = [
    {file = "protobuf-6.33.2-cp310-abi3-win32.whl", hash = "sha256:87eb388bd2d0f78febd8f4c8779c79247b26a5befad525008e49a6955787ff3d"},
    {file = "protobuf-6.33.2-cp310-abi3-win_amd64.whl", hash = "sha256:fc2a0e8b05b180e5fc0dd1559fe8ebdae21a27e81ac77728fb6c42b12c7419b4"},
    {file = "protobuf-6.33.2-cp39-abi3-macosx_10_9_universal2.whl", hash = "sha256:d9b19771ca75935b3a4422957bc518b0cecb978b31d1dd12037b088f6bcc0e43"},
    {file = "protobuf-6.33.2-cp39-abi3-manylinux2014_aarch64.whl", hash = "sha256:b5d3b5625192214066d99b2b605f5783483575656784de223f00a8d00754fc0e"},
    {file = "protobuf-6.33.2-cp39-abi3-manylinux2014_s390x.whl", hash = "sha256:8cd7640aee0b7828b6d03ae518b5b4806fdfc1afe8de82f79c3454f8aef29872"},
    {file = "protobuf-6.33.2-cp39-abi3-manylinux2014_x86_64.whl", hash = "sha256:1f8017c48c07ec5859106533b682260ba3d7c5567b1ca1f24297ce03384d1b4f"},
    {file = "protobuf-6.33.2-cp39-cp39-win32.whl", hash = "sha256:7109dcc38a680d033ffb8bf896727423528db9163be1b6a02d6a49606dcadbfe"},
    {file = "protobuf-6.33.2-cp39-cp39-win_amd64.whl", hash = "sha256:2981c58f582f44b6b13173e12bb8656711189c2a70250845f264b877f00b1913"},
    {file = "protobuf-6.33.2-py3-none-any.whl", hash = "sha256:7636aad9bb01768870266de5dc009de2d1b936771b38a793f73cbbf279c91c5c"},
    {file = "protobuf-6.33.2.tar.gz", hash = "sha256:56dc370c91fbb8ac85bc13582c9e373569668a290aa2e66a590c2a0d35ddb9e4"},
]

[metadata]
lock-version = "2.1"
python-versions = ">=3.12"
content-hash = "b25577d8ee34f9da561f4e2d0587c77e2e3f55f07eaab96aa59181d248c6aaf9"
